Microsoft Visual Studio Solution File, Format Version 12.00
# Visual Studio Version 17
VisualStudioVersion = 17.5.2.0
MinimumVisualStudioVersion = 10.0.40219.1
Project("{FAE04EC0-301F-11D3-BF4B-00C04F79EFBC}") = "TrainingCenterApi", "TrainingCenterApi\TrainingCenterApi.csproj", "{0A424961-F148-91BE-4BD0-D20DF1460D29}"
EndProject
Global
	GlobalSection(SolutionConfigurationPlatforms) = preSolution
		Debug|Any CPU = Debug|Any CPU
		Release|Any CPU = Release|Any CPU
	EndGlobalSection
	GlobalSection(ProjectConfigurationPlatforms) = postSolution
		{0A424961-F148-91BE-4BD0-D20DF1460D29}.Debug|Any CPU.ActiveCfg = Debug|Any CPU
		{0A424961-F148-91BE-4BD0-D20DF1460D29}.Debug|Any CPU.Build.0 = Debug|Any CPU
		{0A424961-F148-91BE-4BD0-D20DF1460D29}.Release|Any CPU.ActiveCfg = Release|Any CPU
		{0A424961-F148-91BE-4BD0-D20DF1460D29}.Release|Any CPU.Build.0 = Release|Any CPU
	EndGlobalSection
	GlobalSection(SolutionProperties) = preSolution
		HideSolutionNode = FALSE
	EndGlobalSection
	GlobalSection(ExtensibilityGlobals) = postSolution
		SolutionGuid = {E6E7578B-6225-469F-87D5-6088B3AAE031}
	EndGlobalSection
EndGlobal
